[[package]]
name = "amqp"
version = "5.3.1"
description = "Low-level AMQP client for Python (fork of amqplib)."
category = "main"
optional = false
python-versions = ">=3.6"

[package.dependencies]
vine = ">=5.0.0,<6.0.0"

[[package]]
name = "annotated-types"
version = "0.7.0"
description = "Reusable constraint types to use with typing.Annotated"
category = "main"
optional = false
python-versions = ">=3.8"

[[package]]
name = "anyio"
version = "4.14.1"
description = "High-level concurrency and networking framework on top of asyncio or Trio"
category = "main"
optional = false
python-versions = ">=3.10"

[package.dependencies]
idna = ">=2.8"
typing_extensions = {version = ">=4.5", markers = "python_version < \"3.13\""}

[package.extras]
trio = ["trio (>=0.32.0)"]

[[package]]
name = "asgiref"
version = "3.11.1"
description = "ASGI specs, helper code, and adapters"
category = "main"
optional = false
python-versions = ">=3.9"

[package.extras]
tests = ["pytest", "pytest-asyncio", "mypy (>=1.14.0)"]

[[package]]
name = "billiard"
version = "4.2.4"
description = "Python multiprocessing fork with improvements and bugfixes"
category = "main"
optional = false
python-versions = ">=3.7"

[[package]]
name = "celery"
version = "5.6.3"
description = "Distributed Task Queue."
category = "main"
optional = false
python-versions = ">=3.9"

[package.dependencies]
billiard = ">=4.2.1,<5.0"
click = ">=8.1.2,<9.0"
click-didyoumean = ">=0.3.0"
click-plugins = ">=1.1.1"
click-repl = ">=0.2.0"
kombu = ">=5.6.0"
python-dateutil = ">=2.8.2"
tzlocal = "*"
vine = ">=5.1.0,<6.0"

[package.extras]
arangodb = ["pyArango (>=2.0.2)"]
auth = ["cryptography (==46.0.5)"]
azureblockblob = ["azure-storage-blob (>=12.15.0)", "azure-identity (>=1.19.0)"]
brotli = ["brotlipy (>=0.7.0)", "brotli (>=1.0.0)"]
cassandra = ["cassandra-driver (>=3.25.0,<4)"]
consul = ["python-consul2 (==0.1.5)"]
cosmosdbsql = ["pydocumentdb (==2.3.5)"]
couchbase = ["couchbase (>=3.0.0)"]
couchdb = ["pycouchdb (==1.16.0)"]
django = ["Django (>=2.2.28)"]
dynamodb = ["boto3 (>=1.26.143)"]
elasticsearch = ["elasticsearch (<=9.3.0)", "elastic-transport (<=9.2.1)"]
eventlet = ["eventlet (>=0.32.0)"]
gevent = ["gevent (>=1.5.0)"]
gcs = ["google-cloud-storage (>=2.10.0)", "grpcio (==1.76.0)", "google-cloud-firestore (==2.23.0)"]
librabbitmq = ["librabbitmq (>=2.0.0)"]
memcache = ["pylibmc (==1.6.3)"]
mongodb = ["kombu"]
msgpack = ["kombu"]
pymemcache = ["python-memcached (>=1.61)"]
pydantic = ["pydantic (>=2.4)", "pydantic (>=2.12.0a1)"]
pyro = ["pyro4 (==4.82)"]
pytest = ["pytest-celery[all] (>=1.3.0)"]
redis = ["kombu"]
s3 = ["boto3 (>=1.26.143)"]
slmq = ["softlayer_messaging (>=1.0.3)"]
solar = ["ephem (==4.2)"]
sqlalchemy = ["kombu"]
sqs = ["boto3 (>=1.26.143)", "pycurl (>=7.43.0.5,<7.45.4)", "pycurl (>=7.45.4)", "urllib3 (>=1.26.16)", "kombu[sqs] (>=5.5.0)"]
tblib = ["tblib (==3.2.2)"]
yaml = ["kombu"]
zookeeper = ["kazoo (>=1.3.1)"]
zstd = ["zstandard (==0.23.0)"]

[[package]]
name = "certifi"
version = "2026.6.17"
description = "Python package for providing Mozilla's CA Bundle."
category = "main"
optional = false
python-versions = ">=3.7"

[[package]]
name = "cffi"
version = "2.0.0"
description = "Foreign Function Interface for Python calling C code."
category = "main"
optional = false
python-versions = ">=3.9"

[package.dependencies]
pycparser = {version = "*", markers = "implementation_name != \"PyPy\""}

[[package]]
name = "channels"
version = "4.3.2"
description = "Brings async, event-driven capabilities to Django."
category = "main"
optional = false
python-versions = ">=3.9"

[package.dependencies]
asgiref = ">=3.9.0,<4"
Django = ">=4.2"

[package.extras]
tests = ["async-timeout", "coverage (>=4.5,<5.0)", "pytest", "pytest-django", "pytest-asyncio", "selenium"]
daphne = ["daphne (>=4.0.0)"]
types = ["types-channels"]

[[package]]
name = "channels-redis"
version = "4.3.0"
description = "Redis-backed ASGI channel layer implementation"
category = "main"
optional = false
python-versions = ">=3.9"

[package.dependencies]
asgiref = ">=3.9.1,<4"
channels = ">=4.2.2"
msgpack = ">=1.0,<2.0"
redis = ">=4.6"

[package.extras]
cryptography = ["cryptography (>=1.3.0)"]
tests = ["cryptography (>=1.3.0)", "pytest", "pytest-asyncio", "async-timeout", "pytest-timeout"]

[[package]]
name = "charset-normalizer"
version = "3.4.7"
description = "The Real First Universal Charset Detector. Open, modern and actively maintained alternative to Chardet."
category = "main"
optional = false
python-versions = ">=3.7"

[[package]]
name = "click"
version = "8.4.2"
description = "Composable command line interface toolkit"
category = "main"
optional = false
python-versions = ">=3.10"

[package.dependencies]
colorama = {version = "*", markers = "platform_system == \"Windows\""}

[[package]]
name = "click-didyoumean"
version = "0.3.1"
description = "Enables git-like *did-you-mean* feature in click"
category = "main"
optional = false
python-versions = ">=3.6.2"

[package.dependencies]
click = ">=7"

[[package]]
name = "click-plugins"
version = "1.1.1.2"
description = "An extension module for click to enable registering CLI commands via setuptools entry-points."
category = "main"
optional = false
python-versions = "*"

[package.dependencies]
click = ">=4.0"

[package.extras]
dev = ["pytest (>=3.6)", "pytest-cov", "wheel", "coveralls"]

[[package]]
name = "click-repl"
version = "0.3.0"
description = "REPL plugin for Click"
category = "main"
optional = false
python-versions = ">=3.6"

[package.dependencies]
click = ">=7.0"
prompt-toolkit = ">=3.0.36"

[package.extras]
testing = ["pytest-cov (>=4.0.0)", "pytest (>=7.2.1)", "tox (>=4.4.3)"]

[[package]]
name = "colorama"
version = "0.4.6"
description = "Cross-platform colored terminal text."
category = "main"
optional = false
python-versions = "!=3.0.*,!=3.1.*,!=3.2.*,!=3.3.*,!=3.4.*,!=3.5.*,!=3.6.*,>=2.7"

[[package]]
name = "coreapi"
version = "2.3.3"
description = "Python client library for Core API."
category = "main"
optional = false
python-versions = "*"

[package.dependencies]
coreschema = "*"
itypes = "*"
requests = "*"
uritemplate = "*"

[[package]]
name = "coreschema"
version = "0.0.4"
description = "Core Schema."
category = "main"
optional = false
python-versions = "*"

[package.dependencies]
jinja2 = "*"

[[package]]
name = "cron-descriptor"
version = "1.4.5"
description = "A Python library that converts cron expressions into human readable strings."
category = "main"
optional = false
python-versions = "*"

[package.extras]
dev = ["polib"]

[[package]]
name = "cryptography"
version = "49.0.0"
description = "cryptography is a package which provides cryptographic recipes and primitives to Python developers."
category = "main"
optional = false
python-versions = "!=3.9.0,!=3.9.1,>=3.9"

[package.dependencies]
cffi = {version = ">=2.0.0", markers = "platform_python_implementation != \"PyPy\""}

[package.extras]
ssh = ["bcrypt (>=3.1.5)"]

[[package]]
name = "distro"
version = "1.9.0"
description = "Distro - an OS platform information API"
category = "main"
optional = false
python-versions = ">=3.6"

[[package]]
name = "django"
version = "5.2.15"
description = "A high-level Python web framework that encourages rapid development and clean, pragmatic design."
category = "main"
optional = false
python-versions = ">=3.10"

[package.dependencies]
asgiref = ">=3.8.1"
sqlparse = ">=0.3.1"
tzdata = {version = "*", markers = "sys_platform == \"win32\""}

[package.extras]
argon2 = ["argon2-cffi (>=19.1.0)"]
bcrypt = ["bcrypt"]

[[package]]
name = "django-anymail"
version = "13.1"
description = "Django email backends and webhooks for Amazon SES, Brevo,  MailerSend, Mailgun, Mailjet, Mandrill, Postal, Postmark, Resend,  Scaleway TEM, SendGrid, SparkPost, and Unisender Go  (EmailBackend, transactional email tracking and inbound email signals)"
category = "main"
optional = false
python-versions = ">=3.8"

[package.dependencies]
django = ">=4.0"
requests = ">=2.4.3"
urllib3 = ">=1.25.0"

[package.extras]
amazon-ses = ["boto3 (>=1.24.6)"]
postal = ["cryptography"]
resend = ["svix"]
sendgrid = ["cryptography"]

[[package]]
name = "django-celery-beat"
version = "2.9.0"
description = "Database-backed Periodic Tasks."
category = "main"
optional = false
python-versions = ">=3.8"

[package.dependencies]
celery = ">=5.2.3,<6.0"
cron-descriptor = ">=1.2.32,<2.0.0"
Django = ">=2.2,<6.1"
django-timezone-field = ">=5.0"
python-crontab = ">=2.3.4"
tzdata = "*"

[[package]]
name = "django-cors-headers"
version = "4.9.0"
description = "django-cors-headers is a Django application for handling the server headers required for Cross-Origin Resource Sharing (CORS)."
category = "main"
optional = false
python-versions = ">=3.9"

[package.dependencies]
asgiref = ">=3.6"
django = ">=4.2"

[[package]]
name = "django-filter"
version = "25.2"
description = "Django-filter is a reusable Django application for allowing users to filter querysets dynamically."
category = "main"
optional = false
python-versions = ">=3.10"

[package.dependencies]
Django = ">=5.2"

[package.extras]
drf = ["djangorestframework"]

[[package]]
name = "django-timezone-field"
version = "7.2.2"
description = "A Django app providing DB, form, and REST framework fields for zoneinfo and pytz timezone objects."
category = "main"
optional = false
python-versions = "<4.0,>=3.8"

[package.dependencies]
Django = ">=4.2,<6.2"

[[package]]
name = "djangorestframework"
version = "3.17.1"
description = "Web APIs for Django, made easy."
category = "main"
optional = false
python-versions = ">=3.10"

[package.dependencies]
django = ">=4.2"

[[package]]
name = "djangorestframework-simplejwt"
version = "5.5.1"
description = "A minimal JSON Web Token authentication plugin for Django REST Framework"
category = "main"
optional = false
python-versions = ">=3.9"

[package.dependencies]
django = ">=4.2"
djangorestframework = ">=3.14"
pyjwt = ">=1.7.1"

[package.extras]
test = ["cryptography", "freezegun", "pytest-cov", "pytest-django", "pytest-xdist", "pytest", "tox"]
lint = ["ruff", "yesqa", "pyupgrade", "pre-commit"]
doc = ["sphinx", "sphinx_rtd_theme (>=0.1.9)"]
dev = ["pytest-watch", "wheel", "twine", "ipython", "cryptography", "freezegun", "pytest-cov", "pytest-django", "pytest-xdist", "pytest", "tox", "ruff", "yesqa", "pyupgrade", "pre-commit", "sphinx", "sphinx_rtd_theme (>=0.1.9)", "python-jose (==3.3.0)"]
python-jose = ["python-jose (==3.3.0)"]
crypto = ["cryptography (>=3.3.1)"]

[[package]]
name = "djx-account"
version = "0.3.3"
description = ""
category = "main"
optional = false
python-versions = "<4.0,>=3.10"

[package.dependencies]
django = ">=4.1.4,<6.0"
djangorestframework = ">=3.14.0,<4.0.0"
djangorestframework-simplejwt = ">=5.2.2,<6.0.0"
facebook-sdk = ">=3.1.0,<4.0.0"
google-auth = ">=2.15.0,<3.0.0"
jinja2 = ">=3.1.2,<4.0.0"
msal = ">=1.20.0,<2.0.0"
requests = ">=2.28.1,<3.0.0"
tweepy = ">=4.12.1,<5.0.0"

[[package]]
name = "djx-cmds"
version = "0.2.2"
description = ""
category = "main"
optional = false
python-versions = "<4.0,>=3.10"

[package.dependencies]
coreapi = ">=2.3.3,<3.0.0"
django = ">=4.1"
inflection = ">=0.5.1,<0.6.0"
jinja2 = ">=3.1.2,<4.0.0"
pyyaml = ">=6.0.2,<7.0.0"

[[package]]
name = "djx-websocket"
version = "0.2"
description = ""
category = "main"
optional = false
python-versions = "<4.0,>=3.10"

[package.dependencies]
channels = ">=4.0.0,<5.0.0"
channels-redis = ">=4.1.0,<5.0.0"
djangorestframework = ">=3.14.0,<4.0.0"
uvicorn = {version = ">=0.24.0.post1,<0.25.0", extras = ["standard"]}

[[package]]
name = "facebook-sdk"
version = "3.1.0"
description = "This client library is designed to support the Facebook Graph API and the official Facebook JavaScript SDK, which is the canonical way to implement Facebook authentication."
category = "main"
optional = false
python-versions = "*"

[package.dependencies]
requests = "*"

[[package]]
name = "flatbuffers"
version = "25.12.19"
description = "The FlatBuffers serialization format for Python"
category = "main"
optional = false
python-versions = "*"

[[package]]
name = "gevent"
version = "25.9.1"
description = "Coroutine-based network library"
category = "main"
optional = false
python-versions = ">=3.9"

[package.dependencies]
cffi = {version = ">=1.17.1", markers = "platform_python_implementation == \"CPython\" and sys_platform == \"win32\""}
greenlet = {version = ">=3.2.2", markers = "platform_python_implementation == \"CPython\""}
"zope.event" = "*"
"zope.interface" = "*"

[package.extras]
dnspython = ["dnspython (>=1.16.0,<2.0)", "idna"]
monitor = ["psutil (>=5.7.0)"]
recommended = ["cffi (>=1.17.1)", "dnspython (>=1.16.0,<2.0)", "idna", "psutil (>=5.7.0)"]
docs = ["sphinx", "furo", "repoze.sphinx.autointerface", "sphinxcontrib-programoutput", "zope.schema"]
test = ["cffi (>=1.17.1)", "dnspython (>=1.16.0,<2.0)", "idna", "psutil (>=5.7.0)", "requests", "coverage (>=5.0)", "objgraph"]

[[package]]
name = "google-auth"
version = "2.55.1"
description = "Google Authentication Library"
category = "main"
optional = false
python-versions = ">=3.10"

[package.dependencies]
cryptography = ">=38.0.3"
pyasn1-modules = ">=0.2.1"

[package.extras]
cryptography = ["cryptography (>=38.0.3)"]
aiohttp = ["aiohttp (>=3.8.0,<4.0.0)", "requests (>=2.20.0,<3.0.0)"]
enterprise-cert = ["pyopenssl"]
pyopenssl = ["pyopenssl (>=20.0.0)"]
pyjwt = ["pyjwt (>=2.0)"]
reauth = ["pyu2f (>=0.1.5)"]
requests = ["requests (>=2.20.0,<3.0.0)"]
testing = ["grpcio", "flask", "freezegun", "pyjwt (>=2.0)", "pytest", "pytest-cov", "pytest-localserver", "pyopenssl (>=20.0.0)", "pyu2f (>=0.1.5)", "responses", "urllib3", "packaging", "aiohttp (>=3.8.0,<4.0.0)", "requests (>=2.20.0,<3.0.0)", "aioresponses", "pytest-asyncio", "pyopenssl (<24.3.0)", "aiohttp (<3.10.0)"]
urllib3 = ["urllib3", "packaging"]
rsa = ["rsa (>=3.1.4,<5)"]

[[package]]
name = "greenlet"
version = "3.5.3"
description = "Lightweight in-process concurrent programming"
category = "main"
optional = false
python-versions = ">=3.10"

[package.extras]
docs = ["sphinx", "furo"]
test = ["objgraph", "psutil", "setuptools"]

[[package]]
name = "h11"
version = "0.16.0"
description = "A pure-Python, bring-your-own-I/O implementation of HTTP/1.1"
category = "main"
optional = false
python-versions = ">=3.8"

[[package]]
name = "httpcore"
version = "1.0.9"
description = "A minimal low-level HTTP client."
category = "main"
optional = false
python-versions = ">=3.8"

[package.dependencies]
certifi = "*"
h11 = ">=0.16"

[package.extras]
asyncio = ["anyio (>=4.0,<5.0)"]
http2 = ["h2 (>=3,<5)"]
socks = ["socksio (>=1.0.0,<2.0.0)"]
trio = ["trio (>=0.22.0,<1.0)"]

[[package]]
name = "httptools"
version = "0.8.0"
description = "A collection of framework independent HTTP protocol utils."
category = "main"
optional = false
python-versions = ">=3.9"

[[package]]
name = "httpx"
version = "0.28.1"
description = "The next generation HTTP client."
category = "main"
optional = false
python-versions = ">=3.8"

[package.dependencies]
anyio = "*"
certifi = "*"
httpcore = ">=1.0.0,<2.0.0"
idna = "*"

[package.extras]
brotli = ["brotli", "brotlicffi"]
cli = ["click (>=8.0.0,<9.0.0)", "pygments (>=2.0.0,<3.0.0)", "rich (>=10,<14)"]
http2 = ["h2 (>=3,<5)"]
socks = ["socksio (>=1.0.0,<2.0.0)"]
zstd = ["zstandard (>=0.18.0)"]

[[package]]
name = "idna"
version = "3.18"
description = "Internationalized Domain Names in Applications (IDNA)"
category = "main"
optional = false
python-versions = ">=3.9"

[package.extras]
all = ["ruff (>=0.6.2)", "mypy (>=1.11.2)", "pytest (>=8.3.2)"]

[[package]]
name = "inflection"
version = "0.5.1"
description = "A port of Ruby on Rails inflector to Python"
category = "main"
optional = false
python-versions = ">=3.5"

[[package]]
name = "itypes"
version = "1.2.0"
description = "Simple immutable types for python."
category = "main"
optional = false
python-versions = "*"

[[package]]
name = "jinja2"
version = "3.1.6"
description = "A very fast and expressive template engine."
category = "main"
optional = false
python-versions = ">=3.7"

[package.dependencies]
MarkupSafe = ">=2.0"

[package.extras]
i18n = ["Babel (>=2.7)"]

[[package]]
name = "jiter"
version = "0.16.0"
description = "Fast iterable JSON parser."
category = "main"
optional = false
python-versions = ">=3.9"

[[package]]
name = "joblib"
version = "1.5.3"
description = "Lightweight pipelining with Python functions"
category = "main"
optional = false
python-versions = ">=3.9"

[[package]]
name = "kombu"
version = "5.6.2"
description = "Messaging library for Python."
category = "main"
optional = false
python-versions = ">=3.9"

[package.dependencies]
amqp = ">=5.1.1,<6.0.0"
packaging = "*"
tzdata = ">=2025.2"
vine = "5.1.0"

[package.extras]
msgpack = ["msgpack (==1.1.2)"]
yaml = ["PyYAML (>=3.10)"]
redis = ["redis (>=4.5.2,!=4.5.5,!=5.0.2,<6.5)"]
mongodb = ["pymongo (==4.15.3)"]
sqs = ["boto3 (>=1.26.143)", "pycurl (>=7.43.0.5)", "urllib3 (>=1.26.16)"]
gcpubsub = ["google-cloud-pubsub (>=2.18.4)", "google-cloud-monitoring (>=2.16.0)", "grpcio (==1.75.1)", "protobuf (==6.32.1)"]
zookeeper = ["kazoo (>=2.8.0)"]
sqlalchemy = ["sqlalchemy (>=1.4.48,<2.1)"]
librabbitmq = ["librabbitmq (>=2.0.0)"]
pyro = ["pyro4 (==4.82)"]
slmq = ["softlayer_messaging (>=1.0.3)"]
azurestoragequeues = ["azure-storage-queue (>=12.6.0)", "azure-identity (>=1.12.0)"]
azureservicebus = ["azure-servicebus (>=7.10.0)"]
qpid = ["qpid-python (==1.36.0-1)", "qpid-tools (==1.36.0-1)"]
consul = ["python-consul2 (==0.1.5)"]
confluentkafka = ["confluent-kafka (>=2.2.0)"]

[[package]]
name = "markupsafe"
version = "3.0.3"
description = "Safely add untrusted strings to HTML/XML markup."
category = "main"
optional = false
python-versions = ">=3.9"

[[package]]
name = "msal"
version = "1.37.0"
description = "The Microsoft Authentication Library (MSAL) for Python library enables your app to access the Microsoft Cloud by supporting authentication of users with Microsoft Azure Active Directory accounts (AAD) and Microsoft Accounts (MSA) using industry standard OAuth2 and OpenID Connect."
category = "main"
optional = false
python-versions = ">=3.9"

[package.dependencies]
cryptography = ">=2.5,<51"
PyJWT = {version = ">=1.0.0,<3", extras = ["crypto"]}
requests = ">=2.0.0,<3"

[package.extras]
broker = ["pymsalruntime (>=0.20,<0.21)", "pymsalruntime (>=0.20,<0.21)", "pymsalruntime (>=0.20,<0.21)"]

[[package]]
name = "msgpack"
version = "1.2.1"
description = "MessagePack serializer"
category = "main"
optional = false
python-versions = ">=3.10"

[[package]]
name = "narwhals"
version = "2.23.0"
description = "Extremely lightweight compatibility layer between dataframe libraries"
category = "main"
optional = false
python-versions = ">=3.10"

[package.extras]
cudf = ["cudf-cu12 (>=24.10.0)"]
dask = ["dask[dataframe] (>=2024.8)"]
duckdb = ["duckdb (>=1.1)"]
ibis = ["ibis-framework (>=6.0.0)", "rich (>=12.4.4)", "packaging (>=21.3)", "pyarrow-hotfix (>=0.7)"]
modin = ["modin (>=0.22.0)"]
pandas = ["pandas (>=1.3.4)"]
polars = ["polars (>=0.20.4)"]
pyarrow = ["pyarrow (>=13.0.0)"]
pyspark = ["pyspark (>=3.5.0)"]
pyspark-connect = ["pyspark[connect] (>=3.5.0)"]
sql = ["narwhals", "sqlparse (>=0.5.5)"]
sqlframe = ["sqlframe (>=3.22.0,!=3.39.3)"]

[[package]]
name = "numpy"
version = "2.5.0"
description = "Fundamental package for array computing in Python"
category = "main"
optional = false
python-versions = ">=3.12"

[[package]]
name = "oauthlib"
version = "3.3.1"
description = "A generic, spec-compliant, thorough implementation of the OAuth request-signing logic"
category = "main"
optional = false
python-versions = ">=3.8"

[package.extras]
rsa = ["cryptography (>=3.0.0)"]
signedtoken = ["cryptography (>=3.0.0)", "pyjwt (>=2.0.0,<3)"]
signals = ["blinker (>=1.4.0)"]

[[package]]
name = "onnxruntime"
version = "1.27.0"
description = "ONNX Runtime is a runtime accelerator for Machine Learning models"
category = "main"
optional = false
python-versions = ">=3.11"

[package.dependencies]
flatbuffers = "*"
numpy = ">=1.21.6"
packaging = "*"
protobuf = ">=4.25.8"

[package.extras]
symbolic = ["sympy"]
quantization = ["ml-dtypes"]

[[package]]
name = "openai"
version = "2.44.0"
description = "The official Python library for the openai API"
category = "main"
optional = false
python-versions = ">=3.9"

[package.dependencies]
anyio = ">=3.5.0,<5"
distro = ">=1.7.0,<2"
httpx = ">=0.23.0,<1"
jiter = ">=0.10.0,<1"
pydantic = ">=1.9.0,<3"
sniffio = "*"
tqdm = ">4"
typing-extensions = ">=4.14,<5"

[package.extras]
aiohttp = ["aiohttp", "httpx-aiohttp (>=0.1.9)"]
bedrock = ["botocore (>=1.40.0,<1.43)", "botocore (>=1.40.0,<2)"]
datalib = ["numpy (>=1)", "pandas-stubs (>=1.1.0.11)", "pandas (>=1.2.3)"]
realtime = ["websockets (>=13,<16)"]
voice-helpers = ["numpy (>=2.0.2)", "sounddevice (>=0.5.1)"]

[[package]]
name = "packaging"
version = "26.2"
description = "Core utilities for Python packages"
category = "main"
optional = false
python-versions = ">=3.8"

[[package]]
name = "pathvalidate"
version = "3.3.1"
description = "pathvalidate is a Python library to sanitize/validate a string such as filenames/file-paths/etc."
category = "main"
optional = false
python-versions = ">=3.9"

[package.extras]
docs = ["sphinx_rtd_theme (>=1.2.2)", "Sphinx (>=2.4)", "urllib3 (<2)"]
readme = ["readmemaker (>=1.2.0)", "path (>=13,<18)"]
test = ["allpairspy (>=2)", "click (>=6.2)", "Faker (>=1.0.8)", "pytest (>=6.0.1)", "pytest-md-report (>=0.6.2)"]

[[package]]
name = "piper-tts"
version = "1.4.2"
description = "Fast and local neural text-to-speech engine"
category = "main"
optional = false
python-versions = ">=3.9"

[package.dependencies]
onnxruntime = ">=1,<2"
pathvalidate = ">=3,<4"

[package.extras]
train = ["torch (>=2,<3)", "lightning (>=2,<3)", "tensorboard (>=2,<3)", "tensorboardX (>=2,<3)", "jsonargparse[signatures] (>=4.27.7)", "onnx (>=1,<2)", "pysilero-vad (>=2.1,<3)", "cython (>=3,<4)", "librosa (<1)"]
dev = ["black (==24.8.0)", "flake8 (==7.1.1)", "mypy (==1.14.0)", "pylint (==3.2.7)", "pytest (==8.3.4)", "build (==1.2.2)", "scikit-build (<1)", "cmake (>=3.18,<4)", "ninja (>=1,<2)"]
http = ["flask (>=3,<4)"]
alignment = ["onnx (>=1,<2)"]
zh = ["g2pW (>=0.1.1,<1)", "sentence-stream (>=1.2.1,<2)", "unicode-rbnf (>=2.4.0,<3)", "torch (>=2,<3)", "requests (>=2,<3)"]

[[package]]
name = "prompt-toolkit"
version = "3.0.52"
description = "Library for building powerful interactive command lines in Python"
category = "main"
optional = false
python-versions = ">=3.8"

[package.dependencies]
wcwidth = "*"

[[package]]
name = "protobuf"
version = "7.35.1"
description = ""
category = "main"
optional = false
python-versions = ">=3.10"

[[package]]
name = "psycopg2"
version = "2.9.12"
description = "psycopg2 - Python-PostgreSQL Database Adapter"
category = "main"
optional = false
python-versions = ">=3.9"

[[package]]
name = "pyasn1"
version = "0.6.3"
description = "Pure-Python implementation of ASN.1 types and DER/BER/CER codecs (X.208)"
category = "main"
optional = false
python-versions = ">=3.8"

[[package]]
name = "pyasn1-modules"
version = "0.4.2"
description = "A collection of ASN.1-based protocols modules"
category = "main"
optional = false
python-versions = ">=3.8"

[package.dependencies]
pyasn1 = ">=0.6.1,<0.7.0"

[[package]]
name = "pycparser"
version = "3.0"
description = "C parser in Python"
category = "main"
optional = false
python-versions = ">=3.10"

[[package]]
name = "pydantic"
version = "2.13.4"
description = "Data validation using Python type hints"
category = "main"
optional = false
python-versions = ">=3.9"

[package.dependencies]
annotated-types = ">=0.6.0"
pydantic-core = "2.46.4"
typing-extensions = ">=4.14.1"
typing-inspection = ">=0.4.2"

[package.extras]
email = ["email-validator (>=2.0.0)"]
timezone = ["tzdata"]

[[package]]
name = "pydantic-core"
version = "2.46.4"
description = "Core functionality for Pydantic validation and serialization"
category = "main"
optional = false
python-versions = ">=3.9"

[package.dependencies]
typing-extensions = ">=4.14.1"

[[package]]
name = "pyjwt"
version = "2.13.0"
description = "JSON Web Token implementation in Python"
category = "main"
optional = false
python-versions = ">=3.9"

[package.dependencies]
cryptography = {version = ">=3.4.0", optional = true, markers = "extra == \"crypto\""}

[package.extras]
crypto = ["cryptography (>=3.4.0)"]

[[package]]
name = "python-crontab"
version = "3.3.0"
description = "Python Crontab API"
category = "main"
optional = false
python-versions = "*"

[package.extras]
cron-schedule = ["croniter"]
cron-description = ["cron-descriptor"]

[[package]]
name = "python-dateutil"
version = "2.9.0.post0"
description = "Extensions to the standard Python datetime module"
category = "main"
optional = false
python-versions = "!=3.0.*,!=3.1.*,!=3.2.*,>=2.7"

[package.dependencies]
six = ">=1.5"

[[package]]
name = "python-dotenv"
version = "1.2.2"
description = "Read key-value pairs from a .env file and set them as environment variables"
category = "main"
optional = false
python-versions = ">=3.10"

[package.extras]
cli = ["click (>=5.0)"]

[[package]]
name = "pyyaml"
version = "6.0.3"
description = "YAML parser and emitter for Python"
category = "main"
optional = false
python-versions = ">=3.8"

[[package]]
name = "redis"
version = "8.0.1"
description = "Python client for Redis database and key-value store"
category = "main"
optional = false
python-versions = ">=3.10"

[package.extras]
circuit-breaker = ["pybreaker (>=1.4.0)"]
hiredis = ["hiredis (>=3.2.0)"]
jwt = ["pyjwt (>=2.13.0)"]
ocsp = ["cryptography (>=36.0.1)", "pyopenssl (>=20.0.1)", "requests (>=2.31.0)"]
otel = ["opentelemetry-api (>=1.39.1)", "opentelemetry-exporter-otlp-proto-http (>=1.39.1)", "opentelemetry-sdk (>=1.39.1)"]
xxhash = ["xxhash (>=3.6.0,<3.7.0)"]

[[package]]
name = "requests"
version = "2.34.2"
description = "Python HTTP for Humans."
category = "main"
optional = false
python-versions = ">=3.10"

[package.dependencies]
certifi = ">=2023.5.7"
charset_normalizer = ">=2,<4"
idna = ">=2.5,<4"
urllib3 = ">=1.26,<3"

[package.extras]
socks = ["PySocks (>=1.5.6,!=1.5.7)"]
use-chardet-on-py3 = ["chardet (>=3.0.2,<8)"]

[[package]]
name = "requests-oauthlib"
version = "2.0.0"
description = "OAuthlib authentication support for Requests."
category = "main"
optional = false
python-versions = ">=3.4"

[package.dependencies]
oauthlib = ">=3.0.0"
requests = ">=2.0.0"

[package.extras]
rsa = ["oauthlib[signedtoken] (>=3.0.0)"]

[[package]]
name = "scikit-learn"
version = "1.9.0"
description = "A set of python modules for machine learning and data mining"
category = "main"
optional = false
python-versions = ">=3.11"

[package.dependencies]
joblib = ">=1.4.0"
narwhals = ">=2.0.1"
numpy = ">=1.24.1"
scipy = ">=1.10.0"
threadpoolctl = ">=3.5.0"

[package.extras]
build = ["numpy (>=1.24.1)", "scipy (>=1.10.0)", "cython (>=3.1.2)", "meson-python (>=0.17.1)"]
install = ["numpy (>=1.24.1)", "scipy (>=1.10.0)", "joblib (>=1.4.0)", "narwhals (>=2.0.1)", "threadpoolctl (>=3.5.0)"]
benchmark = ["matplotlib (>=3.6.1)", "pandas (>=1.5.0)", "memory_profiler (>=0.57.0)"]
docs = ["matplotlib (>=3.6.1)", "scikit-image (>=0.22.0)", "pandas (>=1.5.0)", "rich (>=14.1.0)", "seaborn (>=0.13.0)", "memory_profiler (>=0.57.0)", "sphinx (>=7.3.7)", "sphinx-copybutton (>=0.5.2)", "sphinx-gallery (>=0.17.1)", "numpydoc (>=1.2.0)", "Pillow (>=12.1.1)", "pooch (>=1.8.0)", "sphinx-prompt (>=1.4.0)", "sphinxext-opengraph (>=0.9.1)", "plotly (>=5.22.0)", "polars (>=0.20.30)", "sphinx-design (>=0.6.0)", "sphinxcontrib-sass (>=0.3.4)", "pydata-sphinx-theme (>=0.15.3)", "sphinx-remove-toctrees (>=1.0.0.post1)", "towncrier (>=24.8.0)"]
examples = ["matplotlib (>=3.6.1)", "scikit-image (>=0.22.0)", "pandas (>=1.5.0)", "rich (>=14.1.0)", "seaborn (>=0.13.0)", "pooch (>=1.8.0)", "plotly (>=5.22.0)"]
tests = ["matplotlib (>=3.6.1)", "pandas (>=1.5.0)", "rich (>=14.1.0)", "pytest (>=7.1.2)", "pytest-cov (>=2.9.0)", "ruff (>=0.12.2)", "mypy (>=1.15)", "pyamg (>=5.0.0)", "polars (>=0.20.30)", "pyarrow (>=13.0.0)", "numpydoc (>=1.2.0)", "pooch (>=1.8.0)"]
maintenance = ["conda-lock (==3.0.1)"]

[[package]]
name = "scipy"
version = "1.18.0"
description = "Fundamental algorithms for scientific computing in Python"
category = "main"
optional = false
python-versions = ">=3.12"

[package.dependencies]
numpy = ">=2.0.0,<2.8"

[package.extras]
test = ["pytest (>=8.0.0)", "pytest-cov", "pytest-timeout", "pytest-xdist", "asv", "mpmath", "gmpy2", "threadpoolctl", "scikit-umfpack", "pooch", "hypothesis (>=6.30)", "array-api-strict (>=2.3.1)", "cython", "meson", "ninja", "scipy-doctest (>=2.0.0)"]
doc = ["sphinx (>=5.0.0,<8.2.0)", "intersphinx-registry", "pydata-sphinx-theme (>=0.15.2)", "sphinx-copybutton", "sphinx-design (>=0.4.0)", "matplotlib (>=3.5)", "numpydoc", "jupytext", "myst-nb (>=1.2.0)", "pooch", "jupyterlite-sphinx (>=0.19.1)", "jupyterlite-pyodide-kernel", "linkify-it-py", "tabulate"]
dev = ["click (<8.3.0)", "spin", "mypy (==1.19.1)", "pyrefly (==0.63.0)", "typing-extensions", "types-psutil", "pycodestyle", "ruff (>=0.12.0)", "cython-lint (>=0.12.2)"]

[[package]]
name = "six"
version = "1.17.0"
description = "Python 2 and 3 compatibility utilities"
category = "main"
optional = false
python-versions = "!=3.0.*,!=3.1.*,!=3.2.*,>=2.7"

[[package]]
name = "sniffio"
version = "1.3.1"
description = "Sniff out which async library your code is running under"
category = "main"
optional = false
python-versions = ">=3.7"

[[package]]
name = "sqlparse"
version = "0.5.5"
description = "A non-validating SQL parser."
category = "main"
optional = false
python-versions = ">=3.8"

[package.extras]
dev = ["build"]
doc = ["sphinx"]

[[package]]
name = "threadpoolctl"
version = "3.6.0"
description = "threadpoolctl"
category = "main"
optional = false
python-versions = ">=3.9"

[[package]]
name = "tqdm"
version = "4.68.3"
description = "Fast, Extensible Progress Meter"
category = "main"
optional = false
python-versions = ">=3.8"

[package.dependencies]
colorama = {version = "*", markers = "platform_system == \"Windows\""}

[package.extras]
discord = ["requests", "envwrap"]
slack = ["slack-sdk", "envwrap"]
telegram = ["requests", "envwrap"]
notebook = ["ipywidgets (>=6)"]

[[package]]
name = "tweepy"
version = "4.16.0"
description = "Library for accessing the X API (Twitter)"
category = "main"
optional = false
python-versions = ">=3.9"

[package.dependencies]
oauthlib = ">=3.2.0,<4"
requests = ">=2.27.0,<3"
requests-oauthlib = ">=1.2.0,<3"

[package.extras]
async = ["aiohttp (>=3.7.3,<4)", "async-lru (>=1.0.3,<3)"]
dev = ["coverage (>=4.4.2)", "coveralls (>=2.1.0)", "tox (>=3.21.0)"]
test = ["urllib3 (<2)", "vcrpy (>=1.10.3)"]

[[package]]
name = "typing-extensions"
version = "4.15.0"
description = "Backported and Experimental Type Hints for Python 3.9+"
category = "main"
optional = false
python-versions = ">=3.9"

[[package]]
name = "typing-inspection"
version = "0.4.2"
description = "Runtime typing introspection tools"
category = "main"
optional = false
python-versions = ">=3.9"

[package.dependencies]
typing-extensions = ">=4.12.0"

[[package]]
name = "tzdata"
version = "2026.2"
description = "Provider of IANA time zone data"
category = "main"
optional = false
python-versions = ">=2"

[[package]]
name = "tzlocal"
version = "5.4.4"
description = "tzinfo object for the local timezone"
category = "main"
optional = false
python-versions = ">=3.10"

[package.dependencies]
tzdata = {version = "*", markers = "platform_system == \"Windows\""}

[package.extras]
testing = ["pytest (>=4.3)", "pytest-mock (>=3.3)", "pytest-cov", "check-manifest", "pyroma", "ruff"]
devenv = ["zest.releaser"]

[[package]]
name = "uritemplate"
version = "4.2.0"
description = "Implementation of RFC 6570 URI Templates"
category = "main"
optional = false
python-versions = ">=3.9"

[[package]]
name = "urllib3"
version = "2.7.0"
description = "HTTP library with thread-safe connection pooling, file post, and more."
category = "main"
optional = false
python-versions = ">=3.10"

[package.extras]
brotli = ["brotli (>=1.2.0)", "brotlicffi (>=1.2.0.0)"]
h2 = ["h2 (>=4,<5)"]
socks = ["pysocks (>=1.5.6,!=1.5.7,<2.0)"]
zstd = ["backports-zstd (>=1.0.0)"]

[[package]]
name = "uvicorn"
version = "0.24.0.post1"
description = "The lightning-fast ASGI server."
category = "main"
optional = false
python-versions = ">=3.8"

[package.dependencies]
click = ">=7.0"
colorama = {version = ">=0.4", optional = true, markers = "sys_platform == \"win32\" and extra == \"standard\""}
h11 = ">=0.8"
httptools = {version = ">=0.5.0", optional = true, markers = "extra == \"standard\""}
python-dotenv = {version = ">=0.13", optional = true, markers = "extra == \"standard\""}
pyyaml = {version = ">=5.1", optional = true, markers = "extra == \"standard\""}
uvloop = {version = ">=0.14.0,<0.15.0 || >0.15.0,<0.15.1 || >0.15.1", optional = true, markers = "sys_platform != \"win32\" and sys_platform != \"cygwin\" and platform_python_implementation != \"PyPy\" and extra == \"standard\""}
watchfiles = {version = ">=0.13", optional = true, markers = "extra == \"standard\""}
websockets = {version = ">=10.4", optional = true, markers = "extra == \"standard\""}

[package.extras]
standard = ["colorama (>=0.4)", "httptools (>=0.5.0)", "python-dotenv (>=0.13)", "pyyaml (>=5.1)", "uvloop (>=0.14.0,!=0.15.0,!=0.15.1)", "watchfiles (>=0.13)", "websockets (>=10.4)"]

[[package]]
name = "uvloop"
version = "0.22.1"
description = "Fast implementation of asyncio event loop on top of libuv"
category = "main"
optional = false
python-versions = ">=3.8.1"

[package.extras]
test = ["aiohttp (>=3.10.5)", "flake8 (>=6.1,<7.0)", "psutil", "pycodestyle (>=2.11.0,<2.12.0)", "pyOpenSSL (>=25.3.0,<25.4.0)", "mypy (>=0.800)"]
dev = ["setuptools (>=60)", "Cython (>=3.0,<4.0)"]
docs = ["Sphinx (>=4.1.2,<4.2.0)", "sphinxcontrib-asyncio (>=0.3.0,<0.4.0)", "sphinx_rtd_theme (>=0.5.2,<0.6.0)"]

[[package]]
name = "vine"
version = "5.1.0"
description = "Python promises."
category = "main"
optional = false
python-versions = ">=3.6"

[[package]]
name = "watchfiles"
version = "1.2.0"
description = "Simple, modern and high performance file watching and code reload in python."
category = "main"
optional = false
python-versions = ">=3.10"

[package.dependencies]
anyio = ">=3.0.0"

[[package]]
name = "wcwidth"
version = "0.8.2"
description = "Measures the displayed width of unicode strings in a terminal"
category = "main"
optional = false
python-versions = ">=3.8"

[[package]]
name = "websockets"
version = "16.0"
description = "An implementation of the WebSocket Protocol (RFC 6455 & 7692)"
category = "main"
optional = false
python-versions = ">=3.10"

[[package]]
name = "zope.event"
version = "6.2"
description = "Very basic event publishing system"
category = "main"
optional = false
python-versions = ">=3.10"

[package.extras]
docs = ["sphinx"]
test = ["zope.testrunner (>=6.4)"]

[[package]]
name = "zope.interface"
version = "8.5"
description = "Interfaces for Python"
category = "main"
optional = false
python-versions = ">=3.10"

[package.extras]
docs = ["sphinx", "repoze.sphinx.autointerface", "furo"]
test = ["coverage", "zope.event", "zope.testing"]
testing = ["coverage", "zope.event", "zope.testing"]

[metadata]
lock-version = "1.1"
python-versions = ">=3.12,<4.0"
content-hash = "4b3b693e3968c7619ceb827a651d301179e088f0dd5ea2dcf06cc2583bc204d4"

[metadata.files]
amqp = []
annotated-types = []
anyio = []
asgiref = []
billiard = []
celery = []
certifi = []
cffi = []
channels = []
channels-redis = []
charset-normalizer = []
click = []
click-didyoumean = []
click-plugins = []
click-repl = []
colorama = []
coreapi = []
coreschema = []
cron-descriptor = []
cryptography = []
distro = []
django = []
django-anymail = []
django-celery-beat = []
django-cors-headers = []
django-filter = []
django-timezone-field = []
djangorestframework = []
djangorestframework-simplejwt = []
djx-account = []
djx-cmds = []
djx-websocket = []
facebook-sdk = []
flatbuffers = []
gevent = []
google-auth = []
greenlet = []
h11 = []
httpcore = []
httptools = []
httpx = []
idna = []
inflection = []
itypes = []
jinja2 = []
jiter = []
joblib = []
kombu = []
markupsafe = []
msal = []
msgpack = []
narwhals = []
numpy = []
oauthlib = []
onnxruntime = []
openai = []
packaging = []
pathvalidate = []
piper-tts = []
prompt-toolkit = []
protobuf = []
psycopg2 = []
pyasn1 = []
pyasn1-modules = []
pycparser = []
pydantic = []
pydantic-core = []
pyjwt = []
python-crontab = []
python-dateutil = []
python-dotenv = []
pyyaml = []
redis = []
requests = []
requests-oauthlib = []
scikit-learn = []
scipy = []
six = []
sniffio = []
sqlparse = []
threadpoolctl = []
tqdm = []
tweepy = []
typing-extensions = []
typing-inspection = []
tzdata = []
tzlocal = []
uritemplate = []
urllib3 = []
uvicorn = []
uvloop = []
vine = []
watchfiles = []
wcwidth = []
websockets = []
"zope.event" = []
"zope.interface" = []
